
Microsoft Visual Studio Solution File, Format Version 12.00
# Visual Studio Version 16
VisualStudioVersion = 25.0.1703.8
MinimumVisualStudioVersion = 10.0.40219.1
Project("{FAE04EC0-301F-11D3-BF4B-00C04F79EFBC}") = "htmlcss", "htmlcss.csproj", "{E2B0FE8F-E8D0-4272-9CF5-4E95B30C74E2}"
EndProject
Global
	GlobalSection(SolutionConfigurationPlatforms) = preSolution
		Debug|Any CPU = Debug|Any CPU
		Release|Any CPU = Release|Any CPU
	EndGlobalSection
	GlobalSection(ProjectConfigurationPlatforms) = postSolution
		{E2B0FE8F-E8D0-4272-9CF5-4E95B30C74E2}.Debug|Any CPU.ActiveCfg = Debug|Any CPU
		{E2B0FE8F-E8D0-4272-9CF5-4E95B30C74E2}.Debug|Any CPU.Build.0 = Debug|Any CPU
		{E2B0FE8F-E8D0-4272-9CF5-4E95B30C74E2}.Release|Any CPU.ActiveCfg = Release|Any CPU
		{E2B0FE8F-E8D0-4272-9CF5-4E95B30C74E2}.Release|Any CPU.Build.0 = Release|Any CPU
	EndGlobalSection
	GlobalSection(SolutionProperties) = preSolution
		HideSolutionNode = FALSE
	EndGlobalSection
	GlobalSection(ExtensibilityGlobals) = postSolution
		SolutionGuid = {CB48A937-CA62-40D1-AAB6-3774C6465906}
	EndGlobalSection
EndGlobal
